
Microsoft Visual Studio Solution File, Format Version 12.00
# Visual Studio Version 16
VisualStudioVersion = 16.0.29503.13
MinimumVisualStudioVersion = 15.0.26124.0
Project("{FAE04EC0-301F-11D3-BF4B-00C04F79EFBC}") = "TestRegistry", "TestRegistry\TestRegistry.csproj", "{DE45A5BB-4F34-4A2E-984D-48156406734E}"
EndProject
Project("{FAE04EC0-301F-11D3-BF4B-00C04F79EFBC}") = "UnitTestProject1", "UnitTestProject1\UnitTestProject1.csproj", "{46D02A10-90E0-49DC-87A0-1C27D8F988F6}"
EndProject
Global
	GlobalSection(SolutionConfigurationPlatforms) = preSolution
		Debug|Any CPU = Debug|Any CPU
		Debug|x64 = Debug|x64
		Debug|x86 = Debug|x86
		Release|Any CPU = Release|Any CPU
		Release|x64 = Release|x64
		Release|x86 = Release|x86
	EndGlobalSection
	GlobalSection(ProjectConfigurationPlatforms) = postSolution
		{DE45A5BB-4F34-4A2E-984D-48156406734E}.Debug|Any CPU.ActiveCfg = Debug|Any CPU
		{DE45A5BB-4F34-4A2E-984D-48156406734E}.Debug|Any CPU.Build.0 = Debug|Any CPU
		{DE45A5BB-4F34-4A2E-984D-48156406734E}.Debug|x64.ActiveCfg = Debug|Any CPU
		{DE45A5BB-4F34-4A2E-984D-48156406734E}.Debug|x64.Build.0 = Debug|Any CPU
		{DE45A5BB-4F34-4A2E-984D-48156406734E}.Debug|x86.ActiveCfg = Debug|Any CPU
		{DE45A5BB-4F34-4A2E-984D-48156406734E}.Debug|x86.Build.0 = Debug|Any CPU
		{DE45A5BB-4F34-4A2E-984D-48156406734E}.Release|Any CPU.ActiveCfg = Release|Any CPU
		{DE45A5BB-4F34-4A2E-984D-48156406734E}.Release|Any CPU.Build.0 = Release|Any CPU
		{DE45A5BB-4F34-4A2E-984D-48156406734E}.Release|x64.ActiveCfg = Release|Any CPU
		{DE45A5BB-4F34-4A2E-984D-48156406734E}.Release|x64.Build.0 = Release|Any CPU
		{DE45A5BB-4F34-4A2E-984D-48156406734E}.Release|x86.ActiveCfg = Release|Any CPU
		{DE45A5BB-4F34-4A2E-984D-48156406734E}.Release|x86.Build.0 = Release|Any CPU
		{46D02A10-90E0-49DC-87A0-1C27D8F988F6}.Debug|Any CPU.ActiveCfg = Debug|Any CPU
		{46D02A10-90E0-49DC-87A0-1C27D8F988F6}.Debug|Any CPU.Build.0 = Debug|Any CPU
		{46D02A10-90E0-49DC-87A0-1C27D8F988F6}.Debug|x64.ActiveCfg = Debug|Any CPU
		{46D02A10-90E0-49DC-87A0-1C27D8F988F6}.Debug|x64.Build.0 = Debug|Any CPU
		{46D02A10-90E0-49DC-87A0-1C27D8F988F6}.Debug|x86.ActiveCfg = Debug|Any CPU
		{46D02A10-90E0-49DC-87A0-1C27D8F988F6}.Debug|x86.Build.0 = Debug|Any CPU
		{46D02A10-90E0-49DC-87A0-1C27D8F988F6}.Release|Any CPU.ActiveCfg = Release|Any CPU
		{46D02A10-90E0-49DC-87A0-1C27D8F988F6}.Release|Any CPU.Build.0 = Release|Any CPU
		{46D02A10-90E0-49DC-87A0-1C27D8F988F6}.Release|x64.ActiveCfg = Release|Any CPU
		{46D02A10-90E0-49DC-87A0-1C27D8F988F6}.Release|x64.Build.0 = Release|Any CPU
		{46D02A10-90E0-49DC-87A0-1C27D8F988F6}.Release|x86.ActiveCfg = Release|Any CPU
		{46D02A10-90E0-49DC-87A0-1C27D8F988F6}.Release|x86.Build.0 = Release|Any CPU
	EndGlobalSection
	GlobalSection(SolutionProperties) = preSolution
		HideSolutionNode = FALSE
	EndGlobalSection
	GlobalSection(ExtensibilityGlobals) = postSolution
		SolutionGuid = {3397C94A-84C4-478E-982E-BD932F1CAA62}
	EndGlobalSection
EndGlobal
